<?xml version="1.0" encoding="utf-8"?>
<Project ToolsVersion="4.0" xmlns="http://schemas.microsoft.com/developer/msbuild/2003">
  <ItemGroup>
    <ClInclude Include="src\io_buffer.h">
      <Filter>inc</Filter>
    </ClInclude>
    <ClInclude Include="src\lua_socket_mgr.h">
      <Filter>inc</Filter>
    </ClInclude>
    <ClInclude Include="src\lua_socket_node.h">
      <Filter>inc</Filter>
    </ClInclude>
    <ClInclude Include="src\socket_helper.h">
      <Filter>inc</Filter>
    </ClInclude>
    <ClInclude Include="src\socket_listener.h">
      <Filter>inc</Filter>
    </ClInclude>
    <ClInclude Include="src\socket_mgr.h">
      <Filter>inc</Filter>
    </ClInclude>
    <ClInclude Include="src\socket_router.h">
      <Filter>inc</Filter>
    </ClInclude>
    <ClInclude Include="src\socket_stream.h">
      <Filter>inc</Filter>
    </ClInclude>
    <ClInclude Include="src\stdafx.h">
      <Filter>inc</Filter>
    </ClInclude>
  </ItemGroup>
  <ItemGroup>
    <ClCompile Include="src\lua_socket_mgr.cpp">
      <Filter>src</Filter>
    </ClCompile>
    <ClCompile Include="src\lua_socket_node.cpp">
      <Filter>src</Filter>
    </ClCompile>
    <ClCompile Include="src\main.cpp">
      <Filter>src</Filter>
    </ClCompile>
    <ClCompile Include="src\socket_helper.cpp">
      <Filter>src</Filter>
    </ClCompile>
    <ClCompile Include="src\socket_listener.cpp">
      <Filter>src</Filter>
    </ClCompile>
    <ClCompile Include="src\socket_mgr.cpp">
      <Filter>src</Filter>
    </ClCompile>
    <ClCompile Include="src\socket_router.cpp">
      <Filter>src</Filter>
    </ClCompile>
    <ClCompile Include="src\socket_stream.cpp">
      <Filter>src</Filter>
    </ClCompile>
    <ClCompile Include="src\stdafx.cpp">
      <Filter>src</Filter>
    </ClCompile>
  </ItemGroup>
  <ItemGroup>
    <Filter Include="inc">
      <UniqueIdentifier>{CF9F3FDE-7326-F1D8-E642-05F0E07A3695}</UniqueIdentifier>
    </Filter>
    <Filter Include="src">
      <UniqueIdentifier>{25D902C2-4283-AB8C-FBAC-54DFA101AD31}</UniqueIdentifier>
    </Filter>
  </ItemGroup>
</Project>