
Microsoft Visual Studio Solution File, Format Version 12.00
# Visual Studio Version 16
VisualStudioVersion = 16.0.31313.79
MinimumVisualStudioVersion = 10.0.40219.1
Project("{2150E333-8FDC-42A3-9474-1A3956D46DE8}") = "all", "all", "{1A3E0FD4-F765-A5C3-A989-0F78B8FA23A3}"
EndProject
Project("{2150E333-8FDC-42A3-9474-1A3956D46DE8}") = "core", "core", "{AB6A8F06-D7BB-8801-F776-B07145542020}"
EndProject
Project("{8BC9CEB8-8B4A-11D0-8D11-00A0C91BC942}") = "luabus", "core\luabus\luabus.vcxproj", "{EC8C4743-6D5F-E10D-3D10-98330150B2C9}"
	ProjectSection(ProjectDependencies) = postProject
		{B0AEF51E-FBD8-3472-DB40-2C819DE2E5DF} = {B0AEF51E-FBD8-3472-DB40-2C819DE2E5DF}
	EndProjectSection
EndProject
Project("{8BC9CEB8-8B4A-11D0-8D11-00A0C91BC942}") = "plugins", "core\plugins\lplugins.vcxproj", "{63DC9087-C660-611B-DF3F-CB1A1257247A}"
	ProjectSection(ProjectDependencies) = postProject
		{B0AEF51E-FBD8-3472-DB40-2C819DE2E5DF} = {B0AEF51E-FBD8-3472-DB40-2C819DE2E5DF}
	EndProjectSection
EndProject
Project("{8BC9CEB8-8B4A-11D0-8D11-00A0C91BC942}") = "hive", "core\hive\hive.vcxproj", "{8A4AC216-FB23-0DA3-834D-E641B3E5D0F7}"
	ProjectSection(ProjectDependencies) = postProject
		{EC8C4743-6D5F-E10D-3D10-98330150B2C9} = {EC8C4743-6D5F-E10D-3D10-98330150B2C9}
	EndProjectSection
EndProject
Project("{2150E333-8FDC-42A3-9474-1A3956D46DE8}") = "luaext", "luaext", "{DEDA8889-2128-69C7-B2CC-3996BC8EB907}"
EndProject
Project("{8BC9CEB8-8B4A-11D0-8D11-00A0C91BC942}") = "lalgo", "extend\lalgo\lalgo.vcxproj", "{5AA26397-8AA1-6658-6D18-F225EB085D1D}"
	ProjectSection(ProjectDependencies) = postProject
		{B0AEF51E-FBD8-3472-DB40-2C819DE2E5DF} = {B0AEF51E-FBD8-3472-DB40-2C819DE2E5DF}
	EndProjectSection
EndProject
Project("{8BC9CEB8-8B4A-11D0-8D11-00A0C91BC942}") = "lcurl", "extend\lcurl\lcurl.vcxproj", "{6B01DD6C-28A1-231F-FE9B-1D3F40E3CA3B}"
	ProjectSection(ProjectDependencies) = postProject
		{B0AEF51E-FBD8-3472-DB40-2C819DE2E5DF} = {B0AEF51E-FBD8-3472-DB40-2C819DE2E5DF}
	EndProjectSection
EndProject
Project("{8BC9CEB8-8B4A-11D0-8D11-00A0C91BC942}") = "ljson", "extend\ljson\ljson.vcxproj", "{D2FD53CE-5F95-C3EC-13A1-11D91B9A412C}"
	ProjectSection(ProjectDependencies) = postProject
		{B0AEF51E-FBD8-3472-DB40-2C819DE2E5DF} = {B0AEF51E-FBD8-3472-DB40-2C819DE2E5DF}
	EndProjectSection
EndProject
Project("{8BC9CEB8-8B4A-11D0-8D11-00A0C91BC942}") = "lmdb", "extend\lmdb\lmdb.vcxproj", "{23753351-8C67-4966-7E36-7F900FE18D1B}"
	ProjectSection(ProjectDependencies) = postProject
		{B0AEF51E-FBD8-3472-DB40-2C819DE2E5DF} = {B0AEF51E-FBD8-3472-DB40-2C819DE2E5DF}
	EndProjectSection
EndProject
Project("{8BC9CEB8-8B4A-11D0-8D11-00A0C91BC942}") = "lprofile", "extend\lprofile\lprofile.vcxproj", "{8E8841F6-C7F8-DE1A-13D6-267C73A59A6B}"
	ProjectSection(ProjectDependencies) = postProject
		{B0AEF51E-FBD8-3472-DB40-2C819DE2E5DF} = {B0AEF51E-FBD8-3472-DB40-2C819DE2E5DF}
	EndProjectSection
EndProject
Project("{8BC9CEB8-8B4A-11D0-8D11-00A0C91BC942}") = "luaxlsx", "extend\luaxlsx\luaxlsx.vcxproj", "{B2999D78-279A-1A53-CC82-74D494144722}"
	ProjectSection(ProjectDependencies) = postProject
		{B0AEF51E-FBD8-3472-DB40-2C819DE2E5DF} = {B0AEF51E-FBD8-3472-DB40-2C819DE2E5DF}
	EndProjectSection
EndProject
Project("{8BC9CEB8-8B4A-11D0-8D11-00A0C91BC942}") = "luaxml", "extend\luaxml\luaxml.vcxproj", "{EC638E2A-A355-0936-373E-A893B2B596DC}"
	ProjectSection(ProjectDependencies) = postProject
		{B0AEF51E-FBD8-3472-DB40-2C819DE2E5DF} = {B0AEF51E-FBD8-3472-DB40-2C819DE2E5DF}
	EndProjectSection
EndProject
Project("{8BC9CEB8-8B4A-11D0-8D11-00A0C91BC942}") = "lyaml", "extend\lyaml\lyaml.vcxproj", "{E106F499-F29A-DCCA-08A2-AFC056FA9905}"
	ProjectSection(ProjectDependencies) = postProject
		{B0AEF51E-FBD8-3472-DB40-2C819DE2E5DF} = {B0AEF51E-FBD8-3472-DB40-2C819DE2E5DF}
	EndProjectSection
EndProject
Project("{2150E333-8FDC-42A3-9474-1A3956D46DE8}") = "lua", "lua", "{EEE587B4-691E-274F-5E0D-3D4754F2B4B6}"
EndProject
Project("{8BC9CEB8-8B4A-11D0-8D11-00A0C91BC942}") = "lualib", "extend\lua\lualib.vcxproj", "{B0AEF51E-FBD8-3472-DB40-2C819DE2E5DF}"
	ProjectSection(ProjectDependencies) = postProject
		{6805C141-3788-A994-7DCA-ADD6574D1386} = {6805C141-3788-A994-7DCA-ADD6574D1386}
	EndProjectSection
EndProject
Project("{8BC9CEB8-8B4A-11D0-8D11-00A0C91BC942}") = "lua", "extend\lua\lua.vcxproj", "{F8DBBBDB-3B80-B4F1-70A8-272978F579EB}"
	ProjectSection(ProjectDependencies) = postProject
		{B0AEF51E-FBD8-3472-DB40-2C819DE2E5DF} = {B0AEF51E-FBD8-3472-DB40-2C819DE2E5DF}
	EndProjectSection
EndProject
Project("{8BC9CEB8-8B4A-11D0-8D11-00A0C91BC942}") = "luac", "extend\lua\luac.vcxproj", "{1BD1853E-C5E4-992D-7266-AA4AA72600AB}"
	ProjectSection(ProjectDependencies) = postProject
		{B0AEF51E-FBD8-3472-DB40-2C819DE2E5DF} = {B0AEF51E-FBD8-3472-DB40-2C819DE2E5DF}
	EndProjectSection
EndProject
Project("{2150E333-8FDC-42A3-9474-1A3956D46DE8}") = "share", "share", "{D19A19B1-8C4C-8963-0B32-A63B866BF960}"
EndProject
Project("{8BC9CEB8-8B4A-11D0-8D11-00A0C91BC942}") = "mimalloc", "extend\mimalloc\mimalloc.vcxproj", "{6805C141-3788-A994-7DCA-ADD6574D1386}"
EndProject
Global
	GlobalSection(SolutionConfigurationPlatforms) = preSolution
		Develop|x64 = Develop|x64
	EndGlobalSection
	GlobalSection(ProjectConfigurationPlatforms) = postSolution
		{EC8C4743-6D5F-E10D-3D10-98330150B2C9}.Develop|x64.ActiveCfg = Develop|x64
		{EC8C4743-6D5F-E10D-3D10-98330150B2C9}.Develop|x64.Build.0 = Develop|x64
		{63DC9087-C660-611B-DF3F-CB1A1257247A}.Develop|x64.ActiveCfg = Develop|x64
		{63DC9087-C660-611B-DF3F-CB1A1257247A}.Develop|x64.Build.0 = Develop|x64
		{8A4AC216-FB23-0DA3-834D-E641B3E5D0F7}.Develop|x64.ActiveCfg = Develop|x64
		{8A4AC216-FB23-0DA3-834D-E641B3E5D0F7}.Develop|x64.Build.0 = Develop|x64
		{5AA26397-8AA1-6658-6D18-F225EB085D1D}.Develop|x64.ActiveCfg = Develop|x64
		{5AA26397-8AA1-6658-6D18-F225EB085D1D}.Develop|x64.Build.0 = Develop|x64
		{6B01DD6C-28A1-231F-FE9B-1D3F40E3CA3B}.Develop|x64.ActiveCfg = Develop|x64
		{6B01DD6C-28A1-231F-FE9B-1D3F40E3CA3B}.Develop|x64.Build.0 = Develop|x64
		{D2FD53CE-5F95-C3EC-13A1-11D91B9A412C}.Develop|x64.ActiveCfg = Develop|x64
		{D2FD53CE-5F95-C3EC-13A1-11D91B9A412C}.Develop|x64.Build.0 = Develop|x64
		{23753351-8C67-4966-7E36-7F900FE18D1B}.Develop|x64.ActiveCfg = Develop|x64
		{23753351-8C67-4966-7E36-7F900FE18D1B}.Develop|x64.Build.0 = Develop|x64
		{8E8841F6-C7F8-DE1A-13D6-267C73A59A6B}.Develop|x64.ActiveCfg = Develop|x64
		{8E8841F6-C7F8-DE1A-13D6-267C73A59A6B}.Develop|x64.Build.0 = Develop|x64
		{B2999D78-279A-1A53-CC82-74D494144722}.Develop|x64.ActiveCfg = Develop|x64
		{B2999D78-279A-1A53-CC82-74D494144722}.Develop|x64.Build.0 = Develop|x64
		{EC638E2A-A355-0936-373E-A893B2B596DC}.Develop|x64.ActiveCfg = Develop|x64
		{EC638E2A-A355-0936-373E-A893B2B596DC}.Develop|x64.Build.0 = Develop|x64
		{E106F499-F29A-DCCA-08A2-AFC056FA9905}.Develop|x64.ActiveCfg = Develop|x64
		{E106F499-F29A-DCCA-08A2-AFC056FA9905}.Develop|x64.Build.0 = Develop|x64
		{B0AEF51E-FBD8-3472-DB40-2C819DE2E5DF}.Develop|x64.ActiveCfg = Develop|x64
		{B0AEF51E-FBD8-3472-DB40-2C819DE2E5DF}.Develop|x64.Build.0 = Develop|x64
		{F8DBBBDB-3B80-B4F1-70A8-272978F579EB}.Develop|x64.ActiveCfg = Develop|x64
		{F8DBBBDB-3B80-B4F1-70A8-272978F579EB}.Develop|x64.Build.0 = Develop|x64
		{1BD1853E-C5E4-992D-7266-AA4AA72600AB}.Develop|x64.ActiveCfg = Develop|x64
		{1BD1853E-C5E4-992D-7266-AA4AA72600AB}.Develop|x64.Build.0 = Develop|x64
		{6805C141-3788-A994-7DCA-ADD6574D1386}.Develop|x64.ActiveCfg = Develop|x64
		{6805C141-3788-A994-7DCA-ADD6574D1386}.Develop|x64.Build.0 = Develop|x64
	EndGlobalSection
	GlobalSection(SolutionProperties) = preSolution
		HideSolutionNode = FALSE
	EndGlobalSection
	GlobalSection(NestedProjects) = preSolution
		{EC8C4743-6D5F-E10D-3D10-98330150B2C9} = {AB6A8F06-D7BB-8801-F776-B07145542020}
		{63DC9087-C660-611B-DF3F-CB1A1257247A} = {AB6A8F06-D7BB-8801-F776-B07145542020}
		{8A4AC216-FB23-0DA3-834D-E641B3E5D0F7} = {AB6A8F06-D7BB-8801-F776-B07145542020}
		{5AA26397-8AA1-6658-6D18-F225EB085D1D} = {DEDA8889-2128-69C7-B2CC-3996BC8EB907}
		{6B01DD6C-28A1-231F-FE9B-1D3F40E3CA3B} = {DEDA8889-2128-69C7-B2CC-3996BC8EB907}
		{D2FD53CE-5F95-C3EC-13A1-11D91B9A412C} = {DEDA8889-2128-69C7-B2CC-3996BC8EB907}
		{23753351-8C67-4966-7E36-7F900FE18D1B} = {DEDA8889-2128-69C7-B2CC-3996BC8EB907}
		{8E8841F6-C7F8-DE1A-13D6-267C73A59A6B} = {DEDA8889-2128-69C7-B2CC-3996BC8EB907}
		{B2999D78-279A-1A53-CC82-74D494144722} = {DEDA8889-2128-69C7-B2CC-3996BC8EB907}
		{EC638E2A-A355-0936-373E-A893B2B596DC} = {DEDA8889-2128-69C7-B2CC-3996BC8EB907}
		{E106F499-F29A-DCCA-08A2-AFC056FA9905} = {DEDA8889-2128-69C7-B2CC-3996BC8EB907}
		{B0AEF51E-FBD8-3472-DB40-2C819DE2E5DF} = {EEE587B4-691E-274F-5E0D-3D4754F2B4B6}
		{F8DBBBDB-3B80-B4F1-70A8-272978F579EB} = {EEE587B4-691E-274F-5E0D-3D4754F2B4B6}
		{1BD1853E-C5E4-992D-7266-AA4AA72600AB} = {EEE587B4-691E-274F-5E0D-3D4754F2B4B6}
		{6805C141-3788-A994-7DCA-ADD6574D1386} = {D19A19B1-8C4C-8963-0B32-A63B866BF960}
		{AB6A8F06-D7BB-8801-F776-B07145542020} = {1A3E0FD4-F765-A5C3-A989-0F78B8FA23A3}
		{DEDA8889-2128-69C7-B2CC-3996BC8EB907} = {1A3E0FD4-F765-A5C3-A989-0F78B8FA23A3}
		{EEE587B4-691E-274F-5E0D-3D4754F2B4B6} = {1A3E0FD4-F765-A5C3-A989-0F78B8FA23A3}
		{D19A19B1-8C4C-8963-0B32-A63B866BF960} = {1A3E0FD4-F765-A5C3-A989-0F78B8FA23A3}
	EndGlobalSection
	GlobalSection(ExtensibilityGlobals) = postSolution
		SolutionGuid = {63D02246-6BAD-4132-9325-6DDF29305452}
	EndGlobalSection
EndGlobal
