<?xml version="1.0" encoding="utf-8"?>
<Project ToolsVersion="4.0" xmlns="http://schemas.microsoft.com/developer/msbuild/2003">
  <ItemGroup>
    <ClInclude Include="src\bitarray\bitarray_impl.h">
      <Filter>bitarray</Filter>
    </ClInclude>
    <ClInclude Include="src\laoi\aoi.hpp">
      <Filter>laoi</Filter>
    </ClInclude>
    <ClInclude Include="src\laoi\math.hpp">
      <Filter>laoi</Filter>
    </ClInclude>
    <ClInclude Include="src\lcjson\fpconv.h">
      <Filter>lcjson</Filter>
    </ClInclude>
    <ClInclude Include="src\lcjson\strbuf.h">
      <Filter>lcjson</Filter>
    </ClInclude>
    <ClInclude Include="src\lcodec\buffer.h">
      <Filter>lcodec</Filter>
    </ClInclude>
    <ClInclude Include="src\lcodec\bufpool.h">
      <Filter>lcodec</Filter>
    </ClInclude>
    <ClInclude Include="src\lcodec\bufqueue.h">
      <Filter>lcodec</Filter>
    </ClInclude>
    <ClInclude Include="src\lcodec\guid.h">
      <Filter>lcodec</Filter>
    </ClInclude>
    <ClInclude Include="src\lcodec\lcodec.h">
      <Filter>lcodec</Filter>
    </ClInclude>
    <ClInclude Include="src\lcodec\serializer.h">
      <Filter>lcodec</Filter>
    </ClInclude>
    <ClInclude Include="src\lcodec\shm.h">
      <Filter>lcodec</Filter>
    </ClInclude>
    <ClInclude Include="src\lcodec\shmpool.h">
      <Filter>lcodec</Filter>
    </ClInclude>
    <ClInclude Include="src\lcodec\slice.h">
      <Filter>lcodec</Filter>
    </ClInclude>
    <ClInclude Include="src\lcrypt\base64.h">
      <Filter>lcrypt</Filter>
    </ClInclude>
    <ClInclude Include="src\lcrypt\des56.h">
      <Filter>lcrypt</Filter>
    </ClInclude>
    <ClInclude Include="src\lcrypt\lcrypt.h">
      <Filter>lcrypt</Filter>
    </ClInclude>
    <ClInclude Include="src\lcrypt\lz4.h">
      <Filter>lcrypt</Filter>
    </ClInclude>
    <ClInclude Include="src\lcrypt\md5.h">
      <Filter>lcrypt</Filter>
    </ClInclude>
    <ClInclude Include="src\lcrypt\sha1.h">
      <Filter>lcrypt</Filter>
    </ClInclude>
    <ClInclude Include="src\lcrypt\sha2.h">
      <Filter>lcrypt</Filter>
    </ClInclude>
    <ClInclude Include="src\lcrypt\xxtea.h">
      <Filter>lcrypt</Filter>
    </ClInclude>
    <ClInclude Include="src\lhttp\http.h">
      <Filter>lhttp</Filter>
    </ClInclude>
    <ClInclude Include="src\lkcp\ikcp.h">
      <Filter>lkcp</Filter>
    </ClInclude>
    <ClInclude Include="src\lprofile\profile.h">
      <Filter>lprofile</Filter>
    </ClInclude>
    <ClInclude Include="src\lrandom\random.hpp">
      <Filter>lrandom</Filter>
    </ClInclude>
    <ClInclude Include="src\ltimer\croncpp.h">
      <Filter>ltimer</Filter>
    </ClInclude>
    <ClInclude Include="src\ltimer\ltimer.h">
      <Filter>ltimer</Filter>
    </ClInclude>
    <ClInclude Include="src\lzset\zset.hpp">
      <Filter>lzset</Filter>
    </ClInclude>
    <ClInclude Include="src\protobuf\pb.h">
      <Filter>protobuf</Filter>
    </ClInclude>
    <ClInclude Include="src\tools\helper.h">
      <Filter>tools</Filter>
    </ClInclude>
  </ItemGroup>
  <ItemGroup>
    <ClCompile Include="src\bitarray\bitarray.c">
      <Filter>bitarray</Filter>
    </ClCompile>
    <ClCompile Include="src\bson\bson.c">
      <Filter>bson</Filter>
    </ClCompile>
    <ClCompile Include="src\laoi\laoi.cpp">
      <Filter>laoi</Filter>
    </ClCompile>
    <ClCompile Include="src\lcjson\fpconv.c">
      <Filter>lcjson</Filter>
    </ClCompile>
    <ClCompile Include="src\lcjson\lua_cjson.c">
      <Filter>lcjson</Filter>
    </ClCompile>
    <ClCompile Include="src\lcjson\strbuf.c">
      <Filter>lcjson</Filter>
    </ClCompile>
    <ClCompile Include="src\lcodec\lcodec.cpp">
      <Filter>lcodec</Filter>
    </ClCompile>
    <ClCompile Include="src\lcrab\lua-crab.c">
      <Filter>lcrab</Filter>
    </ClCompile>
    <ClCompile Include="src\lcrypt\base64.c">
      <Filter>lcrypt</Filter>
    </ClCompile>
    <ClCompile Include="src\lcrypt\des56.c">
      <Filter>lcrypt</Filter>
    </ClCompile>
    <ClCompile Include="src\lcrypt\lcrypt.c">
      <Filter>lcrypt</Filter>
    </ClCompile>
    <ClCompile Include="src\lcrypt\lz4.c">
      <Filter>lcrypt</Filter>
    </ClCompile>
    <ClCompile Include="src\lcrypt\md5.c">
      <Filter>lcrypt</Filter>
    </ClCompile>
    <ClCompile Include="src\lcrypt\sha1.c">
      <Filter>lcrypt</Filter>
    </ClCompile>
    <ClCompile Include="src\lcrypt\sha2.c">
      <Filter>lcrypt</Filter>
    </ClCompile>
    <ClCompile Include="src\lcrypt\xxtea.c">
      <Filter>lcrypt</Filter>
    </ClCompile>
    <ClCompile Include="src\lhttp\lhttp.cpp">
      <Filter>lhttp</Filter>
    </ClCompile>
    <ClCompile Include="src\lkcp\ikcp.c">
      <Filter>lkcp</Filter>
    </ClCompile>
    <ClCompile Include="src\lkcp\lkcp.c">
      <Filter>lkcp</Filter>
    </ClCompile>
    <ClCompile Include="src\lprofile\profile.cpp">
      <Filter>lprofile</Filter>
    </ClCompile>
    <ClCompile Include="src\lrandom\lrandom.cpp">
      <Filter>lrandom</Filter>
    </ClCompile>
    <ClCompile Include="src\lstdfs\lstdfs.cpp">
      <Filter>lstdfs</Filter>
    </ClCompile>
    <ClCompile Include="src\ltimer\ltimer.cpp">
      <Filter>ltimer</Filter>
    </ClCompile>
    <ClCompile Include="src\lzset\lzset.cpp">
      <Filter>lzset</Filter>
    </ClCompile>
    <ClCompile Include="src\mongo\lua-mongo.c">
      <Filter>mongo</Filter>
    </ClCompile>
    <ClCompile Include="src\protobuf\pb.c">
      <Filter>protobuf</Filter>
    </ClCompile>
    <ClCompile Include="src\snapshot\snapshot.c">
      <Filter>snapshot</Filter>
    </ClCompile>
    <ClCompile Include="src\tools\helper.cpp">
      <Filter>tools</Filter>
    </ClCompile>
  </ItemGroup>
  <ItemGroup>
    <Filter Include="bitarray">
      <UniqueIdentifier>{76D20ECC-835B-356B-2AE0-2401E14F7737}</UniqueIdentifier>
    </Filter>
    <Filter Include="bson">
      <UniqueIdentifier>{0B6879B1-86BF-B2B1-EC65-D2460E4ECCD4}</UniqueIdentifier>
    </Filter>
    <Filter Include="laoi">
      <UniqueIdentifier>{DC8FEA7C-8450-92D3-4C20-3A6D15D99A08}</UniqueIdentifier>
    </Filter>
    <Filter Include="lcjson">
      <UniqueIdentifier>{4ADCD1E9-BF66-35F8-4508-99A5FA07D9D9}</UniqueIdentifier>
    </Filter>
    <Filter Include="lcodec">
      <UniqueIdentifier>{E24CB1AD-193A-E647-45BE-564E7264711B}</UniqueIdentifier>
    </Filter>
    <Filter Include="lcrab">
      <UniqueIdentifier>{801D02A4-8781-DC43-F7D7-623523C1E8A1}</UniqueIdentifier>
    </Filter>
    <Filter Include="lcrypt">
      <UniqueIdentifier>{6779B38A-0EC6-088E-3974-E2A164AE1520}</UniqueIdentifier>
    </Filter>
    <Filter Include="lhttp">
      <UniqueIdentifier>{11E2E293-CF1A-0E75-B860-D3F9B4ED0407}</UniqueIdentifier>
    </Filter>
    <Filter Include="lkcp">
      <UniqueIdentifier>{CADB1650-91D5-CEAE-233B-F22F72E5E0BE}</UniqueIdentifier>
    </Filter>
    <Filter Include="lprofile">
      <UniqueIdentifier>{8E8841F6-C7F8-DE1A-13D6-267C73A59A6B}</UniqueIdentifier>
    </Filter>
    <Filter Include="lrandom">
      <UniqueIdentifier>{3FF84F4B-3548-31CF-586F-ADCF4C5716CF}</UniqueIdentifier>
    </Filter>
    <Filter Include="lstdfs">
      <UniqueIdentifier>{8667E717-B97C-935C-4FDF-2878AF7DAB1A}</UniqueIdentifier>
    </Filter>
    <Filter Include="ltimer">
      <UniqueIdentifier>{2DE9C09F-02F5-DF2B-524C-FFBEBC8DE5EE}</UniqueIdentifier>
    </Filter>
    <Filter Include="lzset">
      <UniqueIdentifier>{92721C52-59F1-B176-6453-2FAB63F219E9}</UniqueIdentifier>
    </Filter>
    <Filter Include="mongo">
      <UniqueIdentifier>{1ED75A5D-1E2C-0BB0-5F41-0077765AF687}</UniqueIdentifier>
    </Filter>
    <Filter Include="protobuf">
      <UniqueIdentifier>{606EAF84-6C65-7991-6354-199B45953EE2}</UniqueIdentifier>
    </Filter>
    <Filter Include="snapshot">
      <UniqueIdentifier>{C322D3DE-29D2-B0C5-E2E0-11DAD5E77DF2}</UniqueIdentifier>
    </Filter>
    <Filter Include="tools">
      <UniqueIdentifier>{4A931512-CE65-BDC9-CA68-08ADF92D8783}</UniqueIdentifier>
    </Filter>
  </ItemGroup>
</Project>